
Microsoft Visual Studio Solution File, Format Version 12.00
# Visual Studio Version 16
VisualStudioVersion = 16.0.31402.337
MinimumVisualStudioVersion = 10.0.40219.1
Project("{FAE04EC0-301F-11D3-BF4B-00C04F79EFBC}") = "GSB-HelloWorld", "GSB-HelloWorld\GSB-HelloWorld.csproj", "{11D199BE-37DF-46CB-8793-0E8992EEDFBD}"
EndProject
Global
	GlobalSection(SolutionConfigurationPlatforms) = preSolution
		Debug|Any CPU = Debug|Any CPU
		Release|Any CPU = Release|Any CPU
	EndGlobalSection
	GlobalSection(ProjectConfigurationPlatforms) = postSolution
		{11D199BE-37DF-46CB-8793-0E8992EEDFBD}.Debug|Any CPU.ActiveCfg = Debug|Any CPU
		{11D199BE-37DF-46CB-8793-0E8992EEDFBD}.Debug|Any CPU.Build.0 = Debug|Any CPU
		{11D199BE-37DF-46CB-8793-0E8992EEDFBD}.Release|Any CPU.ActiveCfg = Release|Any CPU
		{11D199BE-37DF-46CB-8793-0E8992EEDFBD}.Release|Any CPU.Build.0 = Release|Any CPU
	EndGlobalSection
	GlobalSection(SolutionProperties) = preSolution
		HideSolutionNode = FALSE
	EndGlobalSection
	GlobalSection(ExtensibilityGlobals) = postSolution
		SolutionGuid = {04B9D31A-676B-4719-8D4B-67B494CE5F15}
	EndGlobalSection
EndGlobal
